
Microsoft Visual Studio Solution File, Format Version 12.00
# Visual Studio Version 17
VisualStudioVersion = 17.4.33213.308
MinimumVisualStudioVersion = 10.0.40219.1
Project("{FAE04EC0-301F-11D3-BF4B-00C04F79EFBC}") = "Serie III", "Serie III.csproj", "{D9C6B5BE-D065-48ED-8720-55FFF6A14C3A}"
EndProject
Project("{FAE04EC0-301F-11D3-BF4B-00C04F79EFBC}") = "serie III 2do ejercicio", "..\serie III 2do ejercicio\serie III 2do ejercicio.csproj", "{7EBA6E79-2DF2-4933-80BD-6D85C2FBE579}"
EndProject
Global
	GlobalSection(SolutionConfigurationPlatforms) = preSolution
		Debug|Any CPU = Debug|Any CPU
		Release|Any CPU = Release|Any CPU
	EndGlobalSection
	GlobalSection(ProjectConfigurationPlatforms) = postSolution
		{D9C6B5BE-D065-48ED-8720-55FFF6A14C3A}.Debug|Any CPU.ActiveCfg = Debug|Any CPU
		{D9C6B5BE-D065-48ED-8720-55FFF6A14C3A}.Debug|Any CPU.Build.0 = Debug|Any CPU
		{D9C6B5BE-D065-48ED-8720-55FFF6A14C3A}.Release|Any CPU.ActiveCfg = Release|Any CPU
		{D9C6B5BE-D065-48ED-8720-55FFF6A14C3A}.Release|Any CPU.Build.0 = Release|Any CPU
		{7EBA6E79-2DF2-4933-80BD-6D85C2FBE579}.Debug|Any CPU.ActiveCfg = Debug|Any CPU
		{7EBA6E79-2DF2-4933-80BD-6D85C2FBE579}.Debug|Any CPU.Build.0 = Debug|Any CPU
		{7EBA6E79-2DF2-4933-80BD-6D85C2FBE579}.Release|Any CPU.ActiveCfg = Release|Any CPU
		{7EBA6E79-2DF2-4933-80BD-6D85C2FBE579}.Release|Any CPU.Build.0 = Release|Any CPU
	EndGlobalSection
	GlobalSection(SolutionProperties) = preSolution
		HideSolutionNode = FALSE
	EndGlobalSection
	GlobalSection(ExtensibilityGlobals) = postSolution
		SolutionGuid = {C7B48129-0124-478C-931A-7C5CF9636AFB}
	EndGlobalSection
EndGlobal
